
Microsoft Visual Studio Solution File, Format Version 12.00
# Visual Studio Version 17
VisualStudioVersion = 17.8.34525.116
MinimumVisualStudioVersion = 10.0.40219.1
Project("{FAE04EC0-301F-11D3-BF4B-00C04F79EFBC}") = "PooPearson", "PooPearson\PooPearson.csproj", "{CC660538-9BA6-4246-A730-3EED2ED0F7ED}"
EndProject
Global
	GlobalSection(SolutionConfigurationPlatforms) = preSolution
		Debug|Any CPU = Debug|Any CPU
		Release|Any CPU = Release|Any CPU
	EndGlobalSection
	GlobalSection(ProjectConfigurationPlatforms) = postSolution
		{CC660538-9BA6-4246-A730-3EED2ED0F7ED}.Debug|Any CPU.ActiveCfg = Debug|Any CPU
		{CC660538-9BA6-4246-A730-3EED2ED0F7ED}.Debug|Any CPU.Build.0 = Debug|Any CPU
		{CC660538-9BA6-4246-A730-3EED2ED0F7ED}.Release|Any CPU.ActiveCfg = Release|Any CPU
		{CC660538-9BA6-4246-A730-3EED2ED0F7ED}.Release|Any CPU.Build.0 = Release|Any CPU
	EndGlobalSection
	GlobalSection(SolutionProperties) = preSolution
		HideSolutionNode = FALSE
	EndGlobalSection
	GlobalSection(ExtensibilityGlobals) = postSolution
		SolutionGuid = {29DC5140-B979-4DC2-AFC4-A4560BEFA9CE}
	EndGlobalSection
EndGlobal
