
Microsoft Visual Studio Solution File, Format Version 12.00
# Visual Studio Version 17
VisualStudioVersion = 17.8.34511.84
MinimumVisualStudioVersion = 10.0.40219.1
Project("{FAE04EC0-301F-11D3-BF4B-00C04F79EFBC}") = "base_app_tutorial", "base_app_tutorial\base_app_tutorial.csproj", "{95AE4B1C-8782-4F13-970F-151E96BE8AC6}"
EndProject
Global
	GlobalSection(SolutionConfigurationPlatforms) = preSolution
		Debug|Any CPU = Debug|Any CPU
		Release|Any CPU = Release|Any CPU
	EndGlobalSection
	GlobalSection(ProjectConfigurationPlatforms) = postSolution
		{95AE4B1C-8782-4F13-970F-151E96BE8AC6}.Debug|Any CPU.ActiveCfg = Debug|Any CPU
		{95AE4B1C-8782-4F13-970F-151E96BE8AC6}.Debug|Any CPU.Build.0 = Debug|Any CPU
		{95AE4B1C-8782-4F13-970F-151E96BE8AC6}.Release|Any CPU.ActiveCfg = Release|Any CPU
		{95AE4B1C-8782-4F13-970F-151E96BE8AC6}.Release|Any CPU.Build.0 = Release|Any CPU
	EndGlobalSection
	GlobalSection(SolutionProperties) = preSolution
		HideSolutionNode = FALSE
	EndGlobalSection
	GlobalSection(ExtensibilityGlobals) = postSolution
		SolutionGuid = {139BB96C-038C-432A-89EA-8816DA886CB9}
	EndGlobalSection
EndGlobal
