
Microsoft Visual Studio Solution File, Format Version 12.00
# Visual Studio Version 17
VisualStudioVersion = 17.8.34511.84
MinimumVisualStudioVersion = 10.0.40219.1
Project("{9A19103F-16F7-4668-BE54-9A1E7A4F7556}") = "MathematicGame", "MathematicGame\MathematicGame.csproj", "{CEA36B44-3EE2-4D5E-B771-E92873F1C0AD}"
EndProject
Project("{2150E333-8FDC-42A3-9474-1A3956D46DE8}") = "Solution Items", "Solution Items", "{774CC2D5-A211-4E16-8565-F9D4FA9198F6}"
	ProjectSection(SolutionItems) = preProject
		.editorconfig = .editorconfig
	EndProjectSection
EndProject
Global
	GlobalSection(SolutionConfigurationPlatforms) = preSolution
		Debug|Any CPU = Debug|Any CPU
		Release|Any CPU = Release|Any CPU
	EndGlobalSection
	GlobalSection(ProjectConfigurationPlatforms) = postSolution
		{CEA36B44-3EE2-4D5E-B771-E92873F1C0AD}.Debug|Any CPU.ActiveCfg = Debug|Any CPU
		{CEA36B44-3EE2-4D5E-B771-E92873F1C0AD}.Debug|Any CPU.Build.0 = Debug|Any CPU
		{CEA36B44-3EE2-4D5E-B771-E92873F1C0AD}.Release|Any CPU.ActiveCfg = Release|Any CPU
		{CEA36B44-3EE2-4D5E-B771-E92873F1C0AD}.Release|Any CPU.Build.0 = Release|Any CPU
	EndGlobalSection
	GlobalSection(SolutionProperties) = preSolution
		HideSolutionNode = FALSE
	EndGlobalSection
	GlobalSection(ExtensibilityGlobals) = postSolution
		SolutionGuid = {878F535E-FD20-40F7-A9CB-6CE29624D80A}
	EndGlobalSection
EndGlobal
